{
  "requires": true,
  "lockfileVersion": 1,
  "dependencies": {
    "fullpage.js": {
      "version": "3.0.9",
      "resolved": "https://registry.npmjs.org/fullpage.js/-/fullpage.js-3.0.9.tgz",
      "integrity": "sha512-CBJZwOkOjX/RToG0L93LwJW4a+/67+AqGEvEagWh1N5KRgDXEOVKlo/TJzCzSI1LsOulb7yqXE8mOzRZzqeYMA=="
    },
    "leaflet-draw": {
      "version": "1.0.4",
      "resolved": "https://registry.npmjs.org/leaflet-draw/-/leaflet-draw-1.0.4.tgz",
      "integrity": "sha512-rsQ6saQO5ST5Aj6XRFylr5zvarWgzWnrg46zQ1MEOEIHsppdC/8hnN8qMoFvACsPvTioAuysya/TVtog15tyAQ=="
    },
    "point-in-geopolygon": {
      "version": "1.0.1",
      "resolved": "https://registry.npmjs.org/point-in-geopolygon/-/point-in-geopolygon-1.0.1.tgz",
      "integrity": "sha1-InEbCCna4qpXyTk/Mw2//jEfb90="
    }
  }
}
